
Microsoft Visual Studio Solution File, Format Version 12.00
# Visual Studio Version 17
VisualStudioVersion = 17.3.32611.2
MinimumVisualStudioVersion = 10.0.40219.1
Project("{FAE04EC0-301F-11D3-BF4B-00C04F79EFBC}") = "blazorNew", "blazorNew.csproj", "{0912C792-20DC-469E-B0FB-3622CE4BCFD3}"
EndProject
Global
	GlobalSection(SolutionConfigurationPlatforms) = preSolution
		Debug|Any CPU = Debug|Any CPU
		Release|Any CPU = Release|Any CPU
	EndGlobalSection
	GlobalSection(ProjectConfigurationPlatforms) = postSolution
		{0912C792-20DC-469E-B0FB-3622CE4BCFD3}.Debug|Any CPU.ActiveCfg = Debug|Any CPU
		{0912C792-20DC-469E-B0FB-3622CE4BCFD3}.Debug|Any CPU.Build.0 = Debug|Any CPU
		{0912C792-20DC-469E-B0FB-3622CE4BCFD3}.Release|Any CPU.ActiveCfg = Release|Any CPU
		{0912C792-20DC-469E-B0FB-3622CE4BCFD3}.Release|Any CPU.Build.0 = Release|Any CPU
	EndGlobalSection
	GlobalSection(SolutionProperties) = preSolution
		HideSolutionNode = FALSE
	EndGlobalSection
	GlobalSection(ExtensibilityGlobals) = postSolution
		SolutionGuid = {538F1835-F5AF-4DD3-A856-D59A5B312D04}
	EndGlobalSection
EndGlobal
